
Microsoft Visual Studio Solution File, Format Version 12.00
# Visual Studio Version 16
VisualStudioVersion = 16.0.31729.503
MinimumVisualStudioVersion = 10.0.40219.1
Project("{9A19103F-16F7-4668-BE54-9A1E7A4F7556}") = "Basic", "Basic.csproj", "{A2CAD218-1677-4BE3-9E91-8C2F219D8543}"
EndProject
Project("{FAE04EC0-301F-11D3-BF4B-00C04F79EFBC}") = "Events", "..\ConsoleApp1\Events.csproj", "{6BED0D26-9AA7-4FEC-BC70-2E5B491B95A8}"
EndProject
Project("{FAE04EC0-301F-11D3-BF4B-00C04F79EFBC}") = "Advanced", "..\MyNewProject\Advanced.csproj", "{14D323A2-B174-4959-A115-134FB3A37833}"
EndProject
Global
	GlobalSection(SolutionConfigurationPlatforms) = preSolution
		Debug|Any CPU = Debug|Any CPU
		Release|Any CPU = Release|Any CPU
	EndGlobalSection
	GlobalSection(ProjectConfigurationPlatforms) = postSolution
		{A2CAD218-1677-4BE3-9E91-8C2F219D8543}.Debug|Any CPU.ActiveCfg = Debug|Any CPU
		{A2CAD218-1677-4BE3-9E91-8C2F219D8543}.Debug|Any CPU.Build.0 = Debug|Any CPU
		{A2CAD218-1677-4BE3-9E91-8C2F219D8543}.Release|Any CPU.ActiveCfg = Release|Any CPU
		{A2CAD218-1677-4BE3-9E91-8C2F219D8543}.Release|Any CPU.Build.0 = Release|Any CPU
		{6BED0D26-9AA7-4FEC-BC70-2E5B491B95A8}.Debug|Any CPU.ActiveCfg = Debug|Any CPU
		{6BED0D26-9AA7-4FEC-BC70-2E5B491B95A8}.Debug|Any CPU.Build.0 = Debug|Any CPU
		{6BED0D26-9AA7-4FEC-BC70-2E5B491B95A8}.Release|Any CPU.ActiveCfg = Release|Any CPU
		{6BED0D26-9AA7-4FEC-BC70-2E5B491B95A8}.Release|Any CPU.Build.0 = Release|Any CPU
		{14D323A2-B174-4959-A115-134FB3A37833}.Debug|Any CPU.ActiveCfg = Debug|Any CPU
		{14D323A2-B174-4959-A115-134FB3A37833}.Debug|Any CPU.Build.0 = Debug|Any CPU
		{14D323A2-B174-4959-A115-134FB3A37833}.Release|Any CPU.ActiveCfg = Release|Any CPU
		{14D323A2-B174-4959-A115-134FB3A37833}.Release|Any CPU.Build.0 = Release|Any CPU
	EndGlobalSection
	GlobalSection(SolutionProperties) = preSolution
		HideSolutionNode = FALSE
	EndGlobalSection
	GlobalSection(ExtensibilityGlobals) = postSolution
		SolutionGuid = {7B6E02B3-C9F9-4C66-80DF-2BF6634940AE}
	EndGlobalSection
EndGlobal
